
Microsoft Visual Studio Solution File, Format Version 12.00
# Visual Studio Version 16
VisualStudioVersion = 16.0.29613.14
MinimumVisualStudioVersion = 10.0.40219.1
Project("{FAE04EC0-301F-11D3-BF4B-00C04F79EFBC}") = "UI.SyntaxBox", "UI.SyntaxBox\UI.SyntaxBox.csproj", "{092063A5-5BE7-42A8-B9CE-C8CAB526240D}"
EndProject
Project("{FAE04EC0-301F-11D3-BF4B-00C04F79EFBC}") = "UI.SyntaxBox.Demo", "UI.SyntaxBox.Demo\UI.SyntaxBox.Demo.csproj", "{1D109653-681C-46AF-9519-AA4E21D081EF}"
EndProject
Project("{FAE04EC0-301F-11D3-BF4B-00C04F79EFBC}") = "UI.SyntaxBox.Tests", "UI.SyntaxBox.Tests\UI.SyntaxBox.Tests.csproj", "{4F2A5EED-7096-4FDE-A8FE-F2E47E690F3F}"
EndProject
Global
	GlobalSection(SolutionConfigurationPlatforms) = preSolution
		Debug|Any CPU = Debug|Any CPU
		Release|Any CPU = Release|Any CPU
	EndGlobalSection
	GlobalSection(ProjectConfigurationPlatforms) = postSolution
		{092063A5-5BE7-42A8-B9CE-C8CAB526240D}.Debug|Any CPU.ActiveCfg = Debug|Any CPU
		{092063A5-5BE7-42A8-B9CE-C8CAB526240D}.Debug|Any CPU.Build.0 = Debug|Any CPU
		{092063A5-5BE7-42A8-B9CE-C8CAB526240D}.Release|Any CPU.ActiveCfg = Release|Any CPU
		{092063A5-5BE7-42A8-B9CE-C8CAB526240D}.Release|Any CPU.Build.0 = Release|Any CPU
		{1D109653-681C-46AF-9519-AA4E21D081EF}.Debug|Any CPU.ActiveCfg = Debug|Any CPU
		{1D109653-681C-46AF-9519-AA4E21D081EF}.Debug|Any CPU.Build.0 = Debug|Any CPU
		{1D109653-681C-46AF-9519-AA4E21D081EF}.Release|Any CPU.ActiveCfg = Release|Any CPU
		{1D109653-681C-46AF-9519-AA4E21D081EF}.Release|Any CPU.Build.0 = Release|Any CPU
		{4F2A5EED-7096-4FDE-A8FE-F2E47E690F3F}.Debug|Any CPU.ActiveCfg = Debug|Any CPU
		{4F2A5EED-7096-4FDE-A8FE-F2E47E690F3F}.Debug|Any CPU.Build.0 = Debug|Any CPU
		{4F2A5EED-7096-4FDE-A8FE-F2E47E690F3F}.Release|Any CPU.ActiveCfg = Release|Any CPU
		{4F2A5EED-7096-4FDE-A8FE-F2E47E690F3F}.Release|Any CPU.Build.0 = Release|Any CPU
	EndGlobalSection
	GlobalSection(SolutionProperties) = preSolution
		HideSolutionNode = FALSE
	EndGlobalSection
	GlobalSection(ExtensibilityGlobals) = postSolution
		SolutionGuid = {89C8546F-45AC-46BB-B32E-D639EB83284F}
	EndGlobalSection
EndGlobal
